
Microsoft Visual Studio Solution File, Format Version 12.00
# Visual Studio Version 16
VisualStudioVersion = 16.0.31702.278
MinimumVisualStudioVersion = 10.0.40219.1
Project("{8BC9CEB8-8B4A-11D0-8D11-00A0C91BC942}") = "PR8.2", "PR8.2\PR8.2.vcxproj", "{4BACD840-9809-4B91-9628-33FF2B56B381}"
EndProject
Project("{8BC9CEB8-8B4A-11D0-8D11-00A0C91BC942}") = "UnitTest2", "UnitTest2\UnitTest2.vcxproj", "{9D440453-35C8-497D-BC1C-81037C52DE74}"
EndProject
Global
	GlobalSection(SolutionConfigurationPlatforms) = preSolution
		Debug|x64 = Debug|x64
		Debug|x86 = Debug|x86
		Release|x64 = Release|x64
		Release|x86 = Release|x86
	EndGlobalSection
	GlobalSection(ProjectConfigurationPlatforms) = postSolution
		{4BACD840-9809-4B91-9628-33FF2B56B381}.Debug|x64.ActiveCfg = Debug|x64
		{4BACD840-9809-4B91-9628-33FF2B56B381}.Debug|x64.Build.0 = Debug|x64
		{4BACD840-9809-4B91-9628-33FF2B56B381}.Debug|x86.ActiveCfg = Debug|Win32
		{4BACD840-9809-4B91-9628-33FF2B56B381}.Debug|x86.Build.0 = Debug|Win32
		{4BACD840-9809-4B91-9628-33FF2B56B381}.Release|x64.ActiveCfg = Release|x64
		{4BACD840-9809-4B91-9628-33FF2B56B381}.Release|x64.Build.0 = Release|x64
		{4BACD840-9809-4B91-9628-33FF2B56B381}.Release|x86.ActiveCfg = Release|Win32
		{4BACD840-9809-4B91-9628-33FF2B56B381}.Release|x86.Build.0 = Release|Win32
		{9D440453-35C8-497D-BC1C-81037C52DE74}.Debug|x64.ActiveCfg = Debug|x64
		{9D440453-35C8-497D-BC1C-81037C52DE74}.Debug|x64.Build.0 = Debug|x64
		{9D440453-35C8-497D-BC1C-81037C52DE74}.Debug|x86.ActiveCfg = Debug|Win32
		{9D440453-35C8-497D-BC1C-81037C52DE74}.Debug|x86.Build.0 = Debug|Win32
		{9D440453-35C8-497D-BC1C-81037C52DE74}.Release|x64.ActiveCfg = Release|x64
		{9D440453-35C8-497D-BC1C-81037C52DE74}.Release|x64.Build.0 = Release|x64
		{9D440453-35C8-497D-BC1C-81037C52DE74}.Release|x86.ActiveCfg = Release|Win32
		{9D440453-35C8-497D-BC1C-81037C52DE74}.Release|x86.Build.0 = Release|Win32
	EndGlobalSection
	GlobalSection(SolutionProperties) = preSolution
		HideSolutionNode = FALSE
	EndGlobalSection
	GlobalSection(ExtensibilityGlobals) = postSolution
		SolutionGuid = {F20900B7-845F-41F8-BC44-5EFC91B1704D}
	EndGlobalSection
EndGlobal
